
Microsoft Visual Studio Solution File, Format Version 12.00
# Visual Studio 15
VisualStudioVersion = 15.0.26730.8
MinimumVisualStudioVersion = 10.0.40219.1
Project("{FAE04EC0-301F-11D3-BF4B-00C04F79EFBC}") = "PdfPageLookup", "PdfPageLookup\PdfPageLookup.csproj", "{1E2DA57B-2311-4CF5-97C4-637D55E3CC1A}"
EndProject
Global
	GlobalSection(SolutionConfigurationPlatforms) = preSolution
		Debug|Any CPU = Debug|Any CPU
		Release|Any CPU = Release|Any CPU
	EndGlobalSection
	GlobalSection(ProjectConfigurationPlatforms) = postSolution
		{1E2DA57B-2311-4CF5-97C4-637D55E3CC1A}.Debug|Any CPU.ActiveCfg = Debug|Any CPU
		{1E2DA57B-2311-4CF5-97C4-637D55E3CC1A}.Debug|Any CPU.Build.0 = Debug|Any CPU
		{1E2DA57B-2311-4CF5-97C4-637D55E3CC1A}.Release|Any CPU.ActiveCfg = Release|Any CPU
		{1E2DA57B-2311-4CF5-97C4-637D55E3CC1A}.Release|Any CPU.Build.0 = Release|Any CPU
	EndGlobalSection
	GlobalSection(SolutionProperties) = preSolution
		HideSolutionNode = FALSE
	EndGlobalSection
	GlobalSection(ExtensibilityGlobals) = postSolution
		SolutionGuid = {B9027D9C-CD6A-4F3D-A4E1-10634FD2750D}
	EndGlobalSection
EndGlobal
